
Microsoft Visual Studio Solution File, Format Version 12.00
# Visual Studio Version 16
VisualStudioVersion = 16.0.29102.190
MinimumVisualStudioVersion = 10.0.40219.1
Project("{FAE04EC0-301F-11D3-BF4B-00C04F79EFBC}") = "UnitTests", "..\ProjectsFolder\Tests\UnitTests\UnitTests.csproj", "{033B8036-A674-4C5C-86EF-621276E5299F}"
EndProject
Project("{FAE04EC0-301F-11D3-BF4B-00C04F79EFBC}") = "MainLogic", "..\ProjectsFolder\BusinessLogic\MainLogic\MainLogic.csproj", "{8006D61D-32A3-4F04-B07E-C74F99F1ADA1}"
EndProject
Global
	GlobalSection(SolutionConfigurationPlatforms) = preSolution
		Debug|Any CPU = Debug|Any CPU
		Release|Any CPU = Release|Any CPU
	EndGlobalSection
	GlobalSection(ProjectConfigurationPlatforms) = postSolution
		{033B8036-A674-4C5C-86EF-621276E5299F}.Debug|Any CPU.ActiveCfg = Debug|Any CPU
		{033B8036-A674-4C5C-86EF-621276E5299F}.Debug|Any CPU.Build.0 = Debug|Any CPU
		{033B8036-A674-4C5C-86EF-621276E5299F}.Release|Any CPU.ActiveCfg = Release|Any CPU
		{033B8036-A674-4C5C-86EF-621276E5299F}.Release|Any CPU.Build.0 = Release|Any CPU
		{8006D61D-32A3-4F04-B07E-C74F99F1ADA1}.Debug|Any CPU.ActiveCfg = Debug|Any CPU
		{8006D61D-32A3-4F04-B07E-C74F99F1ADA1}.Debug|Any CPU.Build.0 = Debug|Any CPU
		{8006D61D-32A3-4F04-B07E-C74F99F1ADA1}.Release|Any CPU.ActiveCfg = Release|Any CPU
		{8006D61D-32A3-4F04-B07E-C74F99F1ADA1}.Release|Any CPU.Build.0 = Release|Any CPU
	EndGlobalSection
	GlobalSection(SolutionProperties) = preSolution
		HideSolutionNode = FALSE
	EndGlobalSection
	GlobalSection(ExtensibilityGlobals) = postSolution
		SolutionGuid = {8BB722D9-6CD8-4BE5-86ED-26DACE2C3719}
	EndGlobalSection
EndGlobal
